
Microsoft Visual Studio Solution File, Format Version 12.00
# Visual Studio 15
VisualStudioVersion = 15.0.28307.1145
MinimumVisualStudioVersion = 10.0.40219.1
Project("{FAE04EC0-301F-11D3-BF4B-00C04F79EFBC}") = "mzml_web_scraper", "mzml_web_scraper\mzml_web_scraper.csproj", "{5B839371-DE2B-438D-9838-8DC535CD9BD1}"
EndProject
Global
	GlobalSection(SolutionConfigurationPlatforms) = preSolution
		Debug|Any CPU = Debug|Any CPU
		Release|Any CPU = Release|Any CPU
	EndGlobalSection
	GlobalSection(ProjectConfigurationPlatforms) = postSolution
		{5B839371-DE2B-438D-9838-8DC535CD9BD1}.Debug|Any CPU.ActiveCfg = Debug|Any CPU
		{5B839371-DE2B-438D-9838-8DC535CD9BD1}.Debug|Any CPU.Build.0 = Debug|Any CPU
		{5B839371-DE2B-438D-9838-8DC535CD9BD1}.Release|Any CPU.ActiveCfg = Release|Any CPU
		{5B839371-DE2B-438D-9838-8DC535CD9BD1}.Release|Any CPU.Build.0 = Release|Any CPU
	EndGlobalSection
	GlobalSection(SolutionProperties) = preSolution
		HideSolutionNode = FALSE
	EndGlobalSection
	GlobalSection(ExtensibilityGlobals) = postSolution
		SolutionGuid = {7CEA8A52-D92A-4814-A2F6-28B5B1149E9E}
	EndGlobalSection
EndGlobal
